// !$*UTF8*$!
{
	archiveVersion = 1;
	classes = {
	};
	objectVersion = 46;
	objects = {

/* Begin PBXBuildFile section */
		68187D896A1A5C8101156CFD /* libPods-GeekyOnboarding.a in Frameworks */ = {isa = PBXBuildFile; fileRef = F6F8A5EADA9C29AACB806BE5 /* libPods-GeekyOnboarding.a */; };
		934E9A9B9235C51EAC4B50C0 /* libPods-GeekyOnboardingTests.a in Frameworks */ = {isa = PBXBuildFile; fileRef = EDC76288A7B5ACBDCD1AF997 /* libPods-GeekyOnboardingTests.a */; };
		A7D05AD44C8A4969BA3324CC /* libPods-GeekyOnboardingUITests.a in Frameworks */ = {isa = PBXBuildFile; fileRef = 7C2EBF3ECA2C8891150C8B22 /* libPods-GeekyOnboardingUITests.a */; };
		EE7C0FBC1DA5112400202BCD /* main.m in Sources */ = {isa = PBXBuildFile; fileRef = EE7C0FBB1DA5112400202BCD /* main.m */; };
		EE7C0FBF1DA5112400202BCD /* AppDelegate.m in Sources */ = {isa = PBXBuildFile; fileRef = EE7C0FBE1DA5112400202BCD /* AppDelegate.m */; };
		EE7C0FC21DA5112400202BCD /* ViewController.m in Sources */ = {isa = PBXBuildFile; fileRef = EE7C0FC11DA5112400202BCD /* ViewController.m */; };
		EE7C0FC51DA5112400202BCD /* Main.storyboard in Resources */ = {isa = PBXBuildFile; fileRef = EE7C0FC31DA5112400202BCD /* Main.storyboard */; };
		EE7C0FC71DA5112400202BCD /* Assets.xcassets in Resources */ = {isa = PBXBuildFile; fileRef = EE7C0FC61DA5112400202BCD /* Assets.xcassets */; };
		EE7C0FCA1DA5112400202BCD /* LaunchScreen.storyboard in Resources */ = {isa = PBXBuildFile; fileRef = EE7C0FC81DA5112400202BCD /* LaunchScreen.storyboard */; };
		EE7C0FD51DA5112500202BCD /* GeekyOnboardingTests.m in Sources */ = {isa = PBXBuildFile; fileRef = EE7C0FD41DA5112500202BCD /* GeekyOnboardingTests.m */; };
		EE7C0FE01DA5112500202BCD /* GeekyOnboardingUITests.m in Sources */ = {isa = PBXBuildFile; fileRef = EE7C0FDF1DA5112500202BCD /* GeekyOnboardingUITests.m */; };
		EE7C0FEF1DA517BB00202BCD /* PagedViewController.m in Sources */ = {isa = PBXBuildFile; fileRef = EE7C0FEE1DA517BB00202BCD /* PagedViewController.m */; };
/* End PBXBuildFile section */

/* Begin PBXContainerItemProxy section */
		EE7C0FD11DA5112500202BCD /* PBXContainerItemProxy */ = {
			isa = PBXContainerItemProxy;
			containerPortal = EE7C0FAF1DA5112300202BCD /* Project object */;
			proxyType = 1;
			remoteGlobalIDString = EE7C0FB61DA5112300202BCD;
			remoteInfo = GeekyOnboarding;
		};
		EE7C0FDC1DA5112500202BCD /* PBXContainerItemProxy */ = {
			isa = PBXContainerItemProxy;
			containerPortal = EE7C0FAF1DA5112300202BCD /* Project object */;
			proxyType = 1;
			remoteGlobalIDString = EE7C0FB61DA5112300202BCD;
			remoteInfo = GeekyOnboarding;
		};
/* End PBXContainerItemProxy section */

/* Begin PBXFileReference section */
		15F4E7ACF1E4F85B15C5C422 /* Pods-GeekyOnboardingUITests.debug.xcconfig */ = {isa = PBXFileReference; includeInIndex = 1; lastKnownFileType = text.xcconfig; name = "Pods-GeekyOnboardingUITests.debug.xcconfig"; path = "Pods/Target Support Files/Pods-GeekyOnboardingUITests/Pods-GeekyOnboardingUITests.debug.xcconfig"; sourceTree = "<group>"; };
		38FCB55E98B868D03C463612 /* Pods-GeekyOnboarding.release.xcconfig */ = {isa = PBXFileReference; includeInIndex = 1; lastKnownFileType = text.xcconfig; name = "Pods-GeekyOnboarding.release.xcconfig"; path = "Pods/Target Support Files/Pods-GeekyOnboarding/Pods-GeekyOnboarding.release.xcconfig"; sourceTree = "<group>"; };
		500685F403DFEA78A6524DF6 /* Pods-GeekyOnboardingUITests.release.xcconfig */ = {isa = PBXFileReference; includeInIndex = 1; lastKnownFileType = text.xcconfig; name = "Pods-GeekyOnboardingUITests.release.xcconfig"; path = "Pods/Target Support Files/Pods-GeekyOnboardingUITests/Pods-GeekyOnboardingUITests.release.xcconfig"; sourceTree = "<group>"; };
		5679EA80F98ABEEF123CC8A8 /* Pods-GeekyOnboardingTests.release.xcconfig */ = {isa = PBXFileReference; includeInIndex = 1; lastKnownFileType = text.xcconfig; name = "Pods-GeekyOnboardingTests.release.xcconfig"; path = "Pods/Target Support Files/Pods-GeekyOnboardingTests/Pods-GeekyOnboardingTests.release.xcconfig"; sourceTree = "<group>"; };
		7C2EBF3ECA2C8891150C8B22 /* libPods-GeekyOnboardingUITests.a */ = {isa = PBXFileReference; explicitFileType = archive.ar; includeInIndex = 0; path = "libPods-GeekyOnboardingUITests.a"; sourceTree = BUILT_PRODUCTS_DIR; };
		CC0B0E1C875EF0F7C65EDE04 /* Pods-GeekyOnboardingTests.debug.xcconfig */ = {isa = PBXFileReference; includeInIndex = 1; lastKnownFileType = text.xcconfig; name = "Pods-GeekyOnboardingTests.debug.xcconfig"; path = "Pods/Target Support Files/Pods-GeekyOnboardingTests/Pods-GeekyOnboardingTests.debug.xcconfig"; sourceTree = "<group>"; };
		ECAE7A76595F7B3E106F3A64 /* Pods-GeekyOnboarding.debug.xcconfig */ = {isa = PBXFileReference; includeInIndex = 1; lastKnownFileType = text.xcconfig; name = "Pods-GeekyOnboarding.debug.xcconfig"; path = "Pods/Target Support Files/Pods-GeekyOnboarding/Pods-GeekyOnboarding.debug.xcconfig"; sourceTree = "<group>"; };
		EDC76288A7B5ACBDCD1AF997 /* libPods-GeekyOnboardingTests.a */ = {isa = PBXFileReference; explicitFileType = archive.ar; includeInIndex = 0; path = "libPods-GeekyOnboardingTests.a"; sourceTree = BUILT_PRODUCTS_DIR; };
		EE7C0FB71DA5112300202BCD /* GeekyOnboarding.app */ = {isa = PBXFileReference; explicitFileType = wrapper.application; includeInIndex = 0; path = GeekyOnboarding.app; sourceTree = BUILT_PRODUCTS_DIR; };
		EE7C0FBB1DA5112400202BCD /* main.m */ = {isa = PBXFileReference; lastKnownFileType = sourcecode.c.objc; path = main.m; sourceTree = "<group>"; };
		EE7C0FBD1DA5112400202BCD /* AppDelegate.h */ = {isa = PBXFileReference; lastKnownFileType = sourcecode.c.h; path = AppDelegate.h; sourceTree = "<group>"; };
		EE7C0FBE1DA5112400202BCD /* AppDelegate.m */ = {isa = PBXFileReference; lastKnownFileType = sourcecode.c.objc; path = AppDelegate.m; sourceTree = "<group>"; };
		EE7C0FC01DA5112400202BCD /* ViewController.h */ = {isa = PBXFileReference; lastKnownFileType = sourcecode.c.h; path = ViewController.h; sourceTree = "<group>"; };
		EE7C0FC11DA5112400202BCD /* ViewController.m */ = {isa = PBXFileReference; lastKnownFileType = sourcecode.c.objc; path = ViewController.m; sourceTree = "<group>"; };
		EE7C0FC41DA5112400202BCD /* Base */ = {isa = PBXFileReference; lastKnownFileType = file.storyboard; name = Base; path = Base.lproj/Main.storyboard; sourceTree = "<group>"; };
		EE7C0FC61DA5112400202BCD /* Assets.xcassets */ = {isa = PBXFileReference; lastKnownFileType = folder.assetcatalog; path = Assets.xcassets; sourceTree = "<group>"; };
		EE7C0FC91DA5112400202BCD /* Base */ = {isa = PBXFileReference; lastKnownFileType = file.storyboard; name = Base; path = Base.lproj/LaunchScreen.storyboard; sourceTree = "<group>"; };
		EE7C0FCB1DA5112400202BCD /* Info.plist */ = {isa = PBXFileReference; lastKnownFileType = text.plist.xml; path = Info.plist; sourceTree = "<group>"; };
		EE7C0FD01DA5112500202BCD /* GeekyOnboardingTests.xctest */ = {isa = PBXFileReference; explicitFileType = wrapper.cfbundle; includeInIndex = 0; path = GeekyOnboardingTests.xctest; sourceTree = BUILT_PRODUCTS_DIR; };
		EE7C0FD41DA5112500202BCD /* GeekyOnboardingTests.m */ = {isa = PBXFileReference; lastKnownFileType = sourcecode.c.objc; path = GeekyOnboardingTests.m; sourceTree = "<group>"; };
		EE7C0FD61DA5112500202BCD /* Info.plist */ = {isa = PBXFileReference; lastKnownFileType = text.plist.xml; path = Info.plist; sourceTree = "<group>"; };
		EE7C0FDB1DA5112500202BCD /* GeekyOnboardingUITests.xctest */ = {isa = PBXFileReference; explicitFileType = wrapper.cfbundle; includeInIndex = 0; path = GeekyOnboardingUITests.xctest; sourceTree = BUILT_PRODUCTS_DIR; };
		EE7C0FDF1DA5112500202BCD /* GeekyOnboardingUITests.m */ = {isa = PBXFileReference; lastKnownFileType = sourcecode.c.objc; path = GeekyOnboardingUITests.m; sourceTree = "<group>"; };
		EE7C0FE11DA5112500202BCD /* Info.plist */ = {isa = PBXFileReference; lastKnownFileType = text.plist.xml; path = Info.plist; sourceTree = "<group>"; };
		EE7C0FED1DA517BB00202BCD /* PagedViewController.h */ = {isa = PBXFileReference; fileEncoding = 4; lastKnownFileType = sourcecode.c.h; path = PagedViewController.h; sourceTree = "<group>"; };
		EE7C0FEE1DA517BB00202BCD /* PagedViewController.m */ = {isa = PBXFileReference; fileEncoding = 4; lastKnownFileType = sourcecode.c.objc; path = PagedViewController.m; sourceTree = "<group>"; };
		F6F8A5EADA9C29AACB806BE5 /* libPods-GeekyOnboarding.a */ = {isa = PBXFileReference; explicitFileType = archive.ar; includeInIndex = 0; path = "libPods-GeekyOnboarding.a"; sourceTree = BUILT_PRODUCTS_DIR; };
/* End PBXFileReference section */

/* Begin PBXFrameworksBuildPhase section */
		EE7C0FB41DA5112300202BCD /* Frameworks */ = {
			isa = PBXFrameworksBuildPhase;
			buildActionMask = 2147483647;
			files = (
				68187D896A1A5C8101156CFD /* libPods-GeekyOnboarding.a in Frameworks */,
			);
			runOnlyForDeploymentPostprocessing = 0;
		};
		EE7C0FCD1DA5112500202BCD /* Frameworks */ = {
			isa = PBXFrameworksBuildPhase;
			buildActionMask = 2147483647;
			files = (
				934E9A9B9235C51EAC4B50C0 /* libPods-GeekyOnboardingTests.a in Frameworks */,
			);
			runOnlyForDeploymentPostprocessing = 0;
		};
		EE7C0FD81DA5112500202BCD /* Frameworks */ = {
			isa = PBXFrameworksBuildPhase;
			buildActionMask = 2147483647;
			files = (
				A7D05AD44C8A4969BA3324CC /* libPods-GeekyOnboardingUITests.a in Frameworks */,
			);
			runOnlyForDeploymentPostprocessing = 0;
		};
/* End PBXFrameworksBuildPhase section */

/* Begin PBXGroup section */
		437D6F1A5E445CE66B35BFBB /* Pods */ = {
			isa = PBXGroup;
			children = (
				ECAE7A76595F7B3E106F3A64 /* Pods-GeekyOnboarding.debug.xcconfig */,
				38FCB55E98B868D03C463612 /* Pods-GeekyOnboarding.release.xcconfig */,
				CC0B0E1C875EF0F7C65EDE04 /* Pods-GeekyOnboardingTests.debug.xcconfig */,
				5679EA80F98ABEEF123CC8A8 /* Pods-GeekyOnboardingTests.release.xcconfig */,
				15F4E7ACF1E4F85B15C5C422 /* Pods-GeekyOnboardingUITests.debug.xcconfig */,
				500685F403DFEA78A6524DF6 /* Pods-GeekyOnboardingUITests.release.xcconfig */,
			);
			name = Pods;
			sourceTree = "<group>";
		};
		763657EE287108907B20B0AF /* Frameworks */ = {
			isa = PBXGroup;
			children = (
				F6F8A5EADA9C29AACB806BE5 /* libPods-GeekyOnboarding.a */,
				EDC76288A7B5ACBDCD1AF997 /* libPods-GeekyOnboardingTests.a */,
				7C2EBF3ECA2C8891150C8B22 /* libPods-GeekyOnboardingUITests.a */,
			);
			name = Frameworks;
			sourceTree = "<group>";
		};
		EE7C0FAE1DA5112300202BCD = {
			isa = PBXGroup;
			children = (
				EE7C0FB91DA5112400202BCD /* GeekyOnboarding */,
				EE7C0FD31DA5112500202BCD /* GeekyOnboardingTests */,
				EE7C0FDE1DA5112500202BCD /* GeekyOnboardingUITests */,
				EE7C0FB81DA5112300202BCD /* Products */,
				437D6F1A5E445CE66B35BFBB /* Pods */,
				763657EE287108907B20B0AF /* Frameworks */,
			);
			sourceTree = "<group>";
		};
		EE7C0FB81DA5112300202BCD /* Products */ = {
			isa = PBXGroup;
			children = (
				EE7C0FB71DA5112300202BCD /* GeekyOnboarding.app */,
				EE7C0FD01DA5112500202BCD /* GeekyOnboardingTests.xctest */,
				EE7C0FDB1DA5112500202BCD /* GeekyOnboardingUITests.xctest */,
			);
			name = Products;
			sourceTree = "<group>";
		};
		EE7C0FB91DA5112400202BCD /* GeekyOnboarding */ = {
			isa = PBXGroup;
			children = (
				EE7C0FBD1DA5112400202BCD /* AppDelegate.h */,
				EE7C0FED1DA517BB00202BCD /* PagedViewController.h */,
				EE7C0FEE1DA517BB00202BCD /* PagedViewController.m */,
				EE7C0FBE1DA5112400202BCD /* AppDelegate.m */,
				EE7C0FC01DA5112400202BCD /* ViewController.h */,
				EE7C0FC11DA5112400202BCD /* ViewController.m */,
				EE7C0FC31DA5112400202BCD /* Main.storyboard */,
				EE7C0FC61DA5112400202BCD /* Assets.xcassets */,
				EE7C0FC81DA5112400202BCD /* LaunchScreen.storyboard */,
				EE7C0FCB1DA5112400202BCD /* Info.plist */,
				EE7C0FBA1DA5112400202BCD /* Supporting Files */,
			);
			path = GeekyOnboarding;
			sourceTree = "<group>";
		};
		EE7C0FBA1DA5112400202BCD /* Supporting Files */ = {
			isa = PBXGroup;
			children = (
				EE7C0FBB1DA5112400202BCD /* main.m */,
			);
			name = "Supporting Files";
			sourceTree = "<group>";
		};
		EE7C0FD31DA5112500202BCD /* GeekyOnboardingTests */ = {
			isa = PBXGroup;
			children = (
				EE7C0FD41DA5112500202BCD /* GeekyOnboardingTests.m */,
				EE7C0FD61DA5112500202BCD /* Info.plist */,
			);
			path = GeekyOnboardingTests;
			sourceTree = "<group>";
		};
		EE7C0FDE1DA5112500202BCD /* GeekyOnboardingUITests */ = {
			isa = PBXGroup;
			children = (
				EE7C0FDF1DA5112500202BCD /* GeekyOnboardingUITests.m */,
				EE7C0FE11DA5112500202BCD /* Info.plist */,
			);
			path = GeekyOnboardingUITests;
			sourceTree = "<group>";
		};
/* End PBXGroup section */

/* Begin PBXNativeTarget section */
		EE7C0FB61DA5112300202BCD /* GeekyOnboarding */ = {
			isa = PBXNativeTarget;
			buildConfigurationList = EE7C0FE41DA5112500202BCD /* Build configuration list for PBXNativeTarget "GeekyOnboarding" */;
			buildPhases = (
				FCB488626747E6CB7E2889C3 /* [CP] Check Pods Manifest.lock */,
				EE7C0FB31DA5112300202BCD /* Sources */,
				EE7C0FB41DA5112300202BCD /* Frameworks */,
				EE7C0FB51DA5112300202BCD /* Resources */,
				F479724B1CD94087A2BB40F2 /* [CP] Embed Pods Frameworks */,
				D2EBFCFEDA47E06533B2DC0A /* [CP] Copy Pods Resources */,
			);
			buildRules = (
			);
			dependencies = (
			);
			name = GeekyOnboarding;
			productName = GeekyOnboarding;
			productReference = EE7C0FB71DA5112300202BCD /* GeekyOnboarding.app */;
			productType = "com.apple.product-type.application";
		};
		EE7C0FCF1DA5112500202BCD /* GeekyOnboardingTests */ = {
			isa = PBXNativeTarget;
			buildConfigurationList = EE7C0FE71DA5112500202BCD /* Build configuration list for PBXNativeTarget "GeekyOnboardingTests" */;
			buildPhases = (
				D82B6E93BD9BDE4D682504D5 /* [CP] Check Pods Manifest.lock */,
				EE7C0FCC1DA5112500202BCD /* Sources */,
				EE7C0FCD1DA5112500202BCD /* Frameworks */,
				EE7C0FCE1DA5112500202BCD /* Resources */,
				0BDD665B5E90CC0E4108B0B5 /* [CP] Embed Pods Frameworks */,
				95E053619CDDB7F3B9EE9047 /* [CP] Copy Pods Resources */,
			);
			buildRules = (
			);
			dependencies = (
				EE7C0FD21DA5112500202BCD /* PBXTargetDependency */,
			);
			name = GeekyOnboardingTests;
			productName = GeekyOnboardingTests;
			productReference = EE7C0FD01DA5112500202BCD /* GeekyOnboardingTests.xctest */;
			productType = "com.apple.product-type.bundle.unit-test";
		};
		EE7C0FDA1DA5112500202BCD /* GeekyOnboardingUITests */ = {
			isa = PBXNativeTarget;
			buildConfigurationList = EE7C0FEA1DA5112500202BCD /* Build configuration list for PBXNativeTarget "GeekyOnboardingUITests" */;
			buildPhases = (
				D82882D2619012A3430237AD /* [CP] Check Pods Manifest.lock */,
				EE7C0FD71DA5112500202BCD /* Sources */,
				EE7C0FD81DA5112500202BCD /* Frameworks */,
				EE7C0FD91DA5112500202BCD /* Resources */,
				1285F8655682CF361AAF9F1A /* [CP] Copy Pods Resources */,
			);
			buildRules = (
			);
			dependencies = (
				EE7C0FDD1DA5112500202BCD /* PBXTargetDependency */,
			);
			name = GeekyOnboardingUITests;
			productName = GeekyOnboardingUITests;
			productReference = EE7C0FDB1DA5112500202BCD /* GeekyOnboardingUITests.xctest */;
			productType = "com.apple.product-type.bundle.ui-testing";
		};
/* End PBXNativeTarget section */

/* Begin PBXProject section */
		EE7C0FAF1DA5112300202BCD /* Project object */ = {
			isa = PBXProject;
			attributes = {
				LastUpgradeCheck = 0730;
				ORGANIZATIONNAME = "Abhijeet Mishra";
				TargetAttributes = {
					EE7C0FB61DA5112300202BCD = {
						CreatedOnToolsVersion = 7.3.1;
					};
					EE7C0FCF1DA5112500202BCD = {
						CreatedOnToolsVersion = 7.3.1;
						TestTargetID = EE7C0FB61DA5112300202BCD;
					};
					EE7C0FDA1DA5112500202BCD = {
						CreatedOnToolsVersion = 7.3.1;
						TestTargetID = EE7C0FB61DA5112300202BCD;
					};
				};
			};
			buildConfigurationList = EE7C0FB21DA5112300202BCD /* Build configuration list for PBXProject "GeekyOnboarding" */;
			compatibilityVersion = "Xcode 3.2";
			developmentRegion = English;
			hasScannedForEncodings = 0;
			knownRegions = (
				en,
				Base,
			);
			mainGroup = EE7C0FAE1DA5112300202BCD;
			productRefGroup = EE7C0FB81DA5112300202BCD /* Products */;
			projectDirPath = "";
			projectRoot = "";
			targets = (
				EE7C0FB61DA5112300202BCD /* GeekyOnboarding */,
				EE7C0FCF1DA5112500202BCD /* GeekyOnboardingTests */,
				EE7C0FDA1DA5112500202BCD /* GeekyOnboardingUITests */,
			);
		};
/* End PBXProject section */

/* Begin PBXResourcesBuildPhase section */
		EE7C0FB51DA5112300202BCD /* Resources */ = {
			isa = PBXResourcesBuildPhase;
			buildActionMask = 2147483647;
			files = (
				EE7C0FCA1DA5112400202BCD /* LaunchScreen.storyboard in Resources */,
				EE7C0FC71DA5112400202BCD /* Assets.xcassets in Resources */,
				EE7C0FC51DA5112400202BCD /* Main.storyboard in Resources */,
			);
			runOnlyForDeploymentPostprocessing = 0;
		};
		EE7C0FCE1DA5112500202BCD /* Resources */ = {
			isa = PBXResourcesBuildPhase;
			buildActionMask = 2147483647;
			files = (
			);
			runOnlyForDeploymentPostprocessing = 0;
		};
		EE7C0FD91DA5112500202BCD /* Resources */ = {
			isa = PBXResourcesBuildPhase;
			buildActionMask = 2147483647;
			files = (
			);
			runOnlyForDeploymentPostprocessing = 0;
		};
/* End PBXResourcesBuildPhase section */

/* Begin PBXShellScriptBuildPhase section */
		0BDD665B5E90CC0E4108B0B5 /* [CP] Embed Pods Frameworks */ = {
			isa = PBXShellScriptBuildPhase;
			buildActionMask = 2147483647;
			files = (
			);
			inputPaths = (
			);
			name = "[CP] Embed Pods Frameworks";
			outputPaths = (
			);
			runOnlyForDeploymentPostprocessing = 0;
			shellPath = /bin/sh;
			shellScript = "\"${SRCROOT}/Pods/Target Support Files/Pods-GeekyOnboardingTests/Pods-GeekyOnboardingTests-frameworks.sh\"\n";
			showEnvVarsInLog = 0;
		};
		1285F8655682CF361AAF9F1A /* [CP] Copy Pods Resources */ = {
			isa = PBXShellScriptBuildPhase;
			buildActionMask = 2147483647;
			files = (
			);
			inputPaths = (
			);
			name = "[CP] Copy Pods Resources";
			outputPaths = (
			);
			runOnlyForDeploymentPostprocessing = 0;
			shellPath = /bin/sh;
			shellScript = "\"${SRCROOT}/Pods/Target Support Files/Pods-GeekyOnboardingUITests/Pods-GeekyOnboardingUITests-resources.sh\"\n";
			showEnvVarsInLog = 0;
		};
		95E053619CDDB7F3B9EE9047 /* [CP] Copy Pods Resources */ = {
			isa = PBXShellScriptBuildPhase;
			buildActionMask = 2147483647;
			files = (
			);
			inputPaths = (
			);
			name = "[CP] Copy Pods Resources";
			outputPaths = (
			);
			runOnlyForDeploymentPostprocessing = 0;
			shellPath = /bin/sh;
			shellScript = "\"${SRCROOT}/Pods/Target Support Files/Pods-GeekyOnboardingTests/Pods-GeekyOnboardingTests-resources.sh\"\n";
			showEnvVarsInLog = 0;
		};
		D2EBFCFEDA47E06533B2DC0A /* [CP] Copy Pods Resources */ = {
			isa = PBXShellScriptBuildPhase;
			buildActionMask = 2147483647;
			files = (
			);
			inputPaths = (
			);
			name = "[CP] Copy Pods Resources";
			outputPaths = (
			);
			runOnlyForDeploymentPostprocessing = 0;
			shellPath = /bin/sh;
			shellScript = "\"${SRCROOT}/Pods/Target Support Files/Pods-GeekyOnboarding/Pods-GeekyOnboarding-resources.sh\"\n";
			showEnvVarsInLog = 0;
		};
		D82882D2619012A3430237AD /* [CP] Check Pods Manifest.lock */ = {
			isa = PBXShellScriptBuildPhase;
			buildActionMask = 2147483647;
			files = (
			);
			inputPaths = (
			);
			name = "[CP] Check Pods Manifest.lock";
			outputPaths = (
			);
			runOnlyForDeploymentPostprocessing = 0;
			shellPath = /bin/sh;
			shellScript = "diff \"${PODS_ROOT}/../Podfile.lock\" \"${PODS_ROOT}/Manifest.lock\" > /dev/null\nif [[ $? != 0 ]] ; then\n    cat << EOM\nerror: The sandbox is not in sync with the Podfile.lock. Run 'pod install' or update your CocoaPods installation.\nEOM\n    exit 1\nfi\n";
			showEnvVarsInLog = 0;
		};
		D82B6E93BD9BDE4D682504D5 /* [CP] Check Pods Manifest.lock */ = {
			isa = PBXShellScriptBuildPhase;
			buildActionMask = 2147483647;
			files = (
			);
			inputPaths = (
			);
			name = "[CP] Check Pods Manifest.lock";
			outputPaths = (
			);
			runOnlyForDeploymentPostprocessing = 0;
			shellPath = /bin/sh;
			shellScript = "diff \"${PODS_ROOT}/../Podfile.lock\" \"${PODS_ROOT}/Manifest.lock\" > /dev/null\nif [[ $? != 0 ]] ; then\n    cat << EOM\nerror: The sandbox is not in sync with the Podfile.lock. Run 'pod install' or update your CocoaPods installation.\nEOM\n    exit 1\nfi\n";
			showEnvVarsInLog = 0;
		};
		F479724B1CD94087A2BB40F2 /* [CP] Embed Pods Frameworks */ = {
			isa = PBXShellScriptBuildPhase;
			buildActionMask = 2147483647;
			files = (
			);
			inputPaths = (
			);
			name = "[CP] Embed Pods Frameworks";
			outputPaths = (
			);
			runOnlyForDeploymentPostprocessing = 0;
			shellPath = /bin/sh;
			shellScript = "\"${SRCROOT}/Pods/Target Support Files/Pods-GeekyOnboarding/Pods-GeekyOnboarding-frameworks.sh\"\n";
			showEnvVarsInLog = 0;
		};
		FCB488626747E6CB7E2889C3 /* [CP] Check Pods Manifest.lock */ = {
			isa = PBXShellScriptBuildPhase;
			buildActionMask = 2147483647;
			files = (
			);
			inputPaths = (
			);
			name = "[CP] Check Pods Manifest.lock";
			outputPaths = (
			);
			runOnlyForDeploymentPostprocessing = 0;
			shellPath = /bin/sh;
			shellScript = "diff \"${PODS_ROOT}/../Podfile.lock\" \"${PODS_ROOT}/Manifest.lock\" > /dev/null\nif [[ $? != 0 ]] ; then\n    cat << EOM\nerror: The sandbox is not in sync with the Podfile.lock. Run 'pod install' or update your CocoaPods installation.\nEOM\n    exit 1\nfi\n";
			showEnvVarsInLog = 0;
		};
/* End PBXShellScriptBuildPhase section */

/* Begin PBXSourcesBuildPhase section */
		EE7C0FB31DA5112300202BCD /* Sources */ = {
			isa = PBXSourcesBuildPhase;
			buildActionMask = 2147483647;
			files = (
				EE7C0FEF1DA517BB00202BCD /* PagedViewController.m in Sources */,
				EE7C0FC21DA5112400202BCD /* ViewController.m in Sources */,
				EE7C0FBF1DA5112400202BCD /* AppDelegate.m in Sources */,
				EE7C0FBC1DA5112400202BCD /* main.m in Sources */,
			);
			runOnlyForDeploymentPostprocessing = 0;
		};
		EE7C0FCC1DA5112500202BCD /* Sources */ = {
			isa = PBXSourcesBuildPhase;
			buildActionMask = 2147483647;
			files = (
				EE7C0FD51DA5112500202BCD /* GeekyOnboardingTests.m in Sources */,
			);
			runOnlyForDeploymentPostprocessing = 0;
		};
		EE7C0FD71DA5112500202BCD /* Sources */ = {
			isa = PBXSourcesBuildPhase;
			buildActionMask = 2147483647;
			files = (
				EE7C0FE01DA5112500202BCD /* GeekyOnboardingUITests.m in Sources */,
			);
			runOnlyForDeploymentPostprocessing = 0;
		};
/* End PBXSourcesBuildPhase section */

/* Begin PBXTargetDependency section */
		EE7C0FD21DA5112500202BCD /* PBXTargetDependency */ = {
			isa = PBXTargetDependency;
			target = EE7C0FB61DA5112300202BCD /* GeekyOnboarding */;
			targetProxy = EE7C0FD11DA5112500202BCD /* PBXContainerItemProxy */;
		};
		EE7C0FDD1DA5112500202BCD /* PBXTargetDependency */ = {
			isa = PBXTargetDependency;
			target = EE7C0FB61DA5112300202BCD /* GeekyOnboarding */;
			targetProxy = EE7C0FDC1DA5112500202BCD /* PBXContainerItemProxy */;
		};
/* End PBXTargetDependency section */

/* Begin PBXVariantGroup section */
		EE7C0FC31DA5112400202BCD /* Main.storyboard */ = {
			isa = PBXVariantGroup;
			children = (
				EE7C0FC41DA5112400202BCD /* Base */,
			);
			name = Main.storyboard;
			sourceTree = "<group>";
		};
		EE7C0FC81DA5112400202BCD /* LaunchScreen.storyboard */ = {
			isa = PBXVariantGroup;
			children = (
				EE7C0FC91DA5112400202BCD /* Base */,
			);
			name = LaunchScreen.storyboard;
			sourceTree = "<group>";
		};
/* End PBXVariantGroup section */

/* Begin XCBuildConfiguration section */
		EE7C0FE21DA5112500202BCD /* Debug */ = {
			isa = XCBuildConfiguration;
			buildSettings = {
				ALWAYS_SEARCH_USER_PATHS = NO;
				CLANG_ANALYZER_NONNULL = YES;
				CLANG_CXX_LANGUAGE_STANDARD = "gnu++0x";
				CLANG_CXX_LIBRARY = "libc++";
				CLANG_ENABLE_MODULES = YES;
				CLANG_ENABLE_OBJC_ARC = YES;
				CLANG_WARN_BOOL_CONVERSION = YES;
				CLANG_WARN_CONSTANT_CONVERSION = YES;
				CLANG_WARN_DIRECT_OBJC_ISA_USAGE = YES_ERROR;
				CLANG_WARN_EMPTY_BODY = YES;
				CLANG_WARN_ENUM_CONVERSION = YES;
				CLANG_WARN_INT_CONVERSION = YES;
				CLANG_WARN_OBJC_ROOT_CLASS = YES_ERROR;
				CLANG_WARN_UNREACHABLE_CODE = YES;
				CLANG_WARN__DUPLICATE_METHOD_MATCH = YES;
				"CODE_SIGN_IDENTITY[sdk=iphoneos*]" = "iPhone Developer";
				COPY_PHASE_STRIP = NO;
				DEBUG_INFORMATION_FORMAT = dwarf;
				ENABLE_STRICT_OBJC_MSGSEND = YES;
				ENABLE_TESTABILITY = YES;
				GCC_C_LANGUAGE_STANDARD = gnu99;
				GCC_DYNAMIC_NO_PIC = NO;
				GCC_NO_COMMON_BLOCKS = YES;
				GCC_OPTIMIZATION_LEVEL = 0;
				GCC_PREPROCESSOR_DEFINITIONS = (
					"DEBUG=1",
					"$(inherited)",
				);
				GCC_WARN_64_TO_32_BIT_CONVERSION = YES;
				GCC_WARN_ABOUT_RETURN_TYPE = YES_ERROR;
				GCC_WARN_UNDECLARED_SELECTOR = YES;
				GCC_WARN_UNINITIALIZED_AUTOS = YES_AGGRESSIVE;
				GCC_WARN_UNUSED_FUNCTION = YES;
				GCC_WARN_UNUSED_VARIABLE = YES;
				IPHONEOS_DEPLOYMENT_TARGET = 9.3;
				MTL_ENABLE_DEBUG_INFO = YES;
				ONLY_ACTIVE_ARCH = YES;
				SDKROOT = iphoneos;
				TARGETED_DEVICE_FAMILY = "1,2";
			};
			name = Debug;
		};
		EE7C0FE31DA5112500202BCD /* Release */ = {
			isa = XCBuildConfiguration;
			buildSettings = {
				ALWAYS_SEARCH_USER_PATHS = NO;
				CLANG_ANALYZER_NONNULL = YES;
				CLANG_CXX_LANGUAGE_STANDARD = "gnu++0x";
				CLANG_CXX_LIBRARY = "libc++";
				CLANG_ENABLE_MODULES = YES;
				CLANG_ENABLE_OBJC_ARC = YES;
				CLANG_WARN_BOOL_CONVERSION = YES;
				CLANG_WARN_CONSTANT_CONVERSION = YES;
				CLANG_WARN_DIRECT_OBJC_ISA_USAGE = YES_ERROR;
				CLANG_WARN_EMPTY_BODY = YES;
				CLANG_WARN_ENUM_CONVERSION = YES;
				CLANG_WARN_INT_CONVERSION = YES;
				CLANG_WARN_OBJC_ROOT_CLASS = YES_ERROR;
				CLANG_WARN_UNREACHABLE_CODE = YES;
				CLANG_WARN__DUPLICATE_METHOD_MATCH = YES;
				"CODE_SIGN_IDENTITY[sdk=iphoneos*]" = "iPhone Developer";
				COPY_PHASE_STRIP = NO;
				DEBUG_INFORMATION_FORMAT = "dwarf-with-dsym";
				ENABLE_NS_ASSERTIONS = NO;
				ENABLE_STRICT_OBJC_MSGSEND = YES;
				GCC_C_LANGUAGE_STANDARD = gnu99;
				GCC_NO_COMMON_BLOCKS = YES;
				GCC_WARN_64_TO_32_BIT_CONVERSION = YES;
				GCC_WARN_ABOUT_RETURN_TYPE = YES_ERROR;
				GCC_WARN_UNDECLARED_SELECTOR = YES;
				GCC_WARN_UNINITIALIZED_AUTOS = YES_AGGRESSIVE;
				GCC_WARN_UNUSED_FUNCTION = YES;
				GCC_WARN_UNUSED_VARIABLE = YES;
				IPHONEOS_DEPLOYMENT_TARGET = 9.3;
				MTL_ENABLE_DEBUG_INFO = NO;
				SDKROOT = iphoneos;
				TARGETED_DEVICE_FAMILY = "1,2";
				VALIDATE_PRODUCT = YES;
			};
			name = Release;
		};
		EE7C0FE51DA5112500202BCD /* Debug */ = {
			isa = XCBuildConfiguration;
			baseConfigurationReference = ECAE7A76595F7B3E106F3A64 /* Pods-GeekyOnboarding.debug.xcconfig */;
			buildSettings = {
				ASSETCATALOG_COMPILER_APPICON_NAME = AppIcon;
				INFOPLIST_FILE = GeekyOnboarding/Info.plist;
				LD_RUNPATH_SEARCH_PATHS = "$(inherited) @executable_path/Frameworks";
				PRODUCT_BUNDLE_IDENTIFIER = abhijeet.GeekyOnboarding;
				PRODUCT_NAME = "$(TARGET_NAME)";
			};
			name = Debug;
		};
		EE7C0FE61DA5112500202BCD /* Release */ = {
			isa = XCBuildConfiguration;
			baseConfigurationReference = 38FCB55E98B868D03C463612 /* Pods-GeekyOnboarding.release.xcconfig */;
			buildSettings = {
				ASSETCATALOG_COMPILER_APPICON_NAME = AppIcon;
				INFOPLIST_FILE = GeekyOnboarding/Info.plist;
				LD_RUNPATH_SEARCH_PATHS = "$(inherited) @executable_path/Frameworks";
				PRODUCT_BUNDLE_IDENTIFIER = abhijeet.GeekyOnboarding;
				PRODUCT_NAME = "$(TARGET_NAME)";
			};
			name = Release;
		};
		EE7C0FE81DA5112500202BCD /* Debug */ = {
			isa = XCBuildConfiguration;
			baseConfigurationReference = CC0B0E1C875EF0F7C65EDE04 /* Pods-GeekyOnboardingTests.debug.xcconfig */;
			buildSettings = {
				BUNDLE_LOADER = "$(TEST_HOST)";
				INFOPLIST_FILE = GeekyOnboardingTests/Info.plist;
				LD_RUNPATH_SEARCH_PATHS = "$(inherited) @executable_path/Frameworks @loader_path/Frameworks";
				PRODUCT_BUNDLE_IDENTIFIER = abhijeet.GeekyOnboardingTests;
				PRODUCT_NAME = "$(TARGET_NAME)";
				TEST_HOST = "$(BUILT_PRODUCTS_DIR)/GeekyOnboarding.app/GeekyOnboarding";
			};
			name = Debug;
		};
		EE7C0FE91DA5112500202BCD /* Release */ = {
			isa = XCBuildConfiguration;
			baseConfigurationReference = 5679EA80F98ABEEF123CC8A8 /* Pods-GeekyOnboardingTests.release.xcconfig */;
			buildSettings = {
				BUNDLE_LOADER = "$(TEST_HOST)";
				INFOPLIST_FILE = GeekyOnboardingTests/Info.plist;
				LD_RUNPATH_SEARCH_PATHS = "$(inherited) @executable_path/Frameworks @loader_path/Frameworks";
				PRODUCT_BUNDLE_IDENTIFIER = abhijeet.GeekyOnboardingTests;
				PRODUCT_NAME = "$(TARGET_NAME)";
				TEST_HOST = "$(BUILT_PRODUCTS_DIR)/GeekyOnboarding.app/GeekyOnboarding";
			};
			name = Release;
		};
		EE7C0FEB1DA5112500202BCD /* Debug */ = {
			isa = XCBuildConfiguration;
			baseConfigurationReference = 15F4E7ACF1E4F85B15C5C422 /* Pods-GeekyOnboardingUITests.debug.xcconfig */;
			buildSettings = {
				INFOPLIST_FILE = GeekyOnboardingUITests/Info.plist;
				LD_RUNPATH_SEARCH_PATHS = "$(inherited) @executable_path/Frameworks @loader_path/Frameworks";
				PRODUCT_BUNDLE_IDENTIFIER = abhijeet.GeekyOnboardingUITests;
				PRODUCT_NAME = "$(TARGET_NAME)";
				TEST_TARGET_NAME = GeekyOnboarding;
			};
			name = Debug;
		};
		EE7C0FEC1DA5112500202BCD /* Release */ = {
			isa = XCBuildConfiguration;
			baseConfigurationReference = 500685F403DFEA78A6524DF6 /* Pods-GeekyOnboardingUITests.release.xcconfig */;
			buildSettings = {
				INFOPLIST_FILE = GeekyOnboardingUITests/Info.plist;
				LD_RUNPATH_SEARCH_PATHS = "$(inherited) @executable_path/Frameworks @loader_path/Frameworks";
				PRODUCT_BUNDLE_IDENTIFIER = abhijeet.GeekyOnboardingUITests;
				PRODUCT_NAME = "$(TARGET_NAME)";
				TEST_TARGET_NAME = GeekyOnboarding;
			};
			name = Release;
		};
/* End XCBuildConfiguration section */

/* Begin XCConfigurationList section */
		EE7C0FB21DA5112300202BCD /* Build configuration list for PBXProject "GeekyOnboarding" */ = {
			isa = XCConfigurationList;
			buildConfigurations = (
				EE7C0FE21DA5112500202BCD /* Debug */,
				EE7C0FE31DA5112500202BCD /* Release */,
			);
			defaultConfigurationIsVisible = 0;
			defaultConfigurationName = Release;
		};
		EE7C0FE41DA5112500202BCD /* Build configuration list for PBXNativeTarget "GeekyOnboarding" */ = {
			isa = XCConfigurationList;
			buildConfigurations = (
				EE7C0FE51DA5112500202BCD /* Debug */,
				EE7C0FE61DA5112500202BCD /* Release */,
			);
			defaultConfigurationIsVisible = 0;
			defaultConfigurationName = Release;
		};
		EE7C0FE71DA5112500202BCD /* Build configuration list for PBXNativeTarget "GeekyOnboardingTests" */ = {
			isa = XCConfigurationList;
			buildConfigurations = (
				EE7C0FE81DA5112500202BCD /* Debug */,
				EE7C0FE91DA5112500202BCD /* Release */,
			);
			defaultConfigurationIsVisible = 0;
			defaultConfigurationName = Release;
		};
		EE7C0FEA1DA5112500202BCD /* Build configuration list for PBXNativeTarget "GeekyOnboardingUITests" */ = {
			isa = XCConfigurationList;
			buildConfigurations = (
				EE7C0FEB1DA5112500202BCD /* Debug */,
				EE7C0FEC1DA5112500202BCD /* Release */,
			);
			defaultConfigurationIsVisible = 0;
			defaultConfigurationName = Release;
		};
/* End XCConfigurationList section */
	};
	rootObject = EE7C0FAF1DA5112300202BCD /* Project object */;
}
